
Microsoft Visual Studio Solution File, Format Version 12.00
# Visual Studio Version 18
VisualStudioVersion = 18.5.11801.241 oobstable
MinimumVisualStudioVersion = 10.0.40219.1
Project("{8BC9CEB8-8B4A-11D0-8D11-00A0C91BC942}") = "AOENGINE", "AOENGINE.vcxproj", "{2BB142E0-177E-9DEB-4097-8B932CC3D279}"
	ProjectSection(ProjectDependencies) = postProject
		{371B9FA9-4C90-4AC6-A123-ACED756D6C77} = {371B9FA9-4C90-4AC6-A123-ACED756D6C77}
		{B8015C45-B976-4F13-904A-070A0C410897} = {B8015C45-B976-4F13-904A-070A0C410897}
	EndProjectSection
EndProject
Project("{8BC9CEB8-8B4A-11D0-8D11-00A0C91BC942}") = "DirectXTex", "Externals\DirectXTex\DirectXTex_Desktop_2022_Win10.vcxproj", "{371B9FA9-4C90-4AC6-A123-ACED756D6C77}"
EndProject
Project("{8BC9CEB8-8B4A-11D0-8D11-00A0C91BC942}") = "ImGui", "Externals\ImGui\ImGui.vcxproj", "{B8015C45-B976-4F13-904A-070A0C410897}"
EndProject
Global
	GlobalSection(SolutionConfigurationPlatforms) = preSolution
		Debug|x64 = Debug|x64
		Release|x64 = Release|x64
	EndGlobalSection
	GlobalSection(ProjectConfigurationPlatforms) = postSolution
		{2BB142E0-177E-9DEB-4097-8B932CC3D279}.Debug|x64.ActiveCfg = Debug|x64
		{2BB142E0-177E-9DEB-4097-8B932CC3D279}.Debug|x64.Build.0 = Debug|x64
		{2BB142E0-177E-9DEB-4097-8B932CC3D279}.Release|x64.ActiveCfg = Release|x64
		{2BB142E0-177E-9DEB-4097-8B932CC3D279}.Release|x64.Build.0 = Release|x64
		{371B9FA9-4C90-4AC6-A123-ACED756D6C77}.Debug|x64.ActiveCfg = Debug|x64
		{371B9FA9-4C90-4AC6-A123-ACED756D6C77}.Debug|x64.Build.0 = Debug|x64
		{371B9FA9-4C90-4AC6-A123-ACED756D6C77}.Release|x64.ActiveCfg = Release|x64
		{371B9FA9-4C90-4AC6-A123-ACED756D6C77}.Release|x64.Build.0 = Release|x64
		{B8015C45-B976-4F13-904A-070A0C410897}.Debug|x64.ActiveCfg = Debug|x64
		{B8015C45-B976-4F13-904A-070A0C410897}.Debug|x64.Build.0 = Debug|x64
		{B8015C45-B976-4F13-904A-070A0C410897}.Release|x64.ActiveCfg = Release|x64
		{B8015C45-B976-4F13-904A-070A0C410897}.Release|x64.Build.0 = Release|x64
	EndGlobalSection
	GlobalSection(SolutionProperties) = preSolution
		HideSolutionNode = FALSE
	EndGlobalSection
	GlobalSection(ExtensibilityGlobals) = postSolution
		SolutionGuid = {A5390744-08B2-49A2-B340-C0621A15DC97}
	EndGlobalSection
EndGlobal
